
Microsoft Visual Studio Solution File, Format Version 12.00
# Visual Studio Version 17
VisualStudioVersion = 17.4.33110.190
MinimumVisualStudioVersion = 10.0.40219.1
Project("{FAE04EC0-301F-11D3-BF4B-00C04F79EFBC}") = "Certificates", "Certificates\Certificates.csproj", "{6EBA4390-6C50-48B8-ACD7-884139DAF12C}"
EndProject
Global
	GlobalSection(SolutionConfigurationPlatforms) = preSolution
		Debug|Any CPU = Debug|Any CPU
		Release|Any CPU = Release|Any CPU
	EndGlobalSection
	GlobalSection(ProjectConfigurationPlatforms) = postSolution
		{6EBA4390-6C50-48B8-ACD7-884139DAF12C}.Debug|Any CPU.ActiveCfg = Debug|Any CPU
		{6EBA4390-6C50-48B8-ACD7-884139DAF12C}.Debug|Any CPU.Build.0 = Debug|Any CPU
		{6EBA4390-6C50-48B8-ACD7-884139DAF12C}.Release|Any CPU.ActiveCfg = Release|Any CPU
		{6EBA4390-6C50-48B8-ACD7-884139DAF12C}.Release|Any CPU.Build.0 = Release|Any CPU
	EndGlobalSection
	GlobalSection(SolutionProperties) = preSolution
		HideSolutionNode = FALSE
	EndGlobalSection
	GlobalSection(ExtensibilityGlobals) = postSolution
		SolutionGuid = {CC8AEB3A-4E96-4AFF-933C-36ED5DDFC4A6}
	EndGlobalSection
EndGlobal
